
Microsoft Visual Studio Solution File, Format Version 12.00
# Visual Studio 2013
VisualStudioVersion = 12.0.31101.0
MinimumVisualStudioVersion = 10.0.40219.1
Project("{FAE04EC0-301F-11D3-BF4B-00C04F79EFBC}") = "DataSQLChallenge", "DataSQLChallenge\DataSQLChallenge.csproj", "{45867E90-1917-407C-9FFC-3ED954B37CDD}"
EndProject
Project("{FAE04EC0-301F-11D3-BF4B-00C04F79EFBC}") = "SQLDataChallenge.service", "SQLDataChallenge.service\SQLDataChallenge.service.csproj", "{3D502453-ED47-4AF9-8CCC-E41EF999CCAC}"
EndProject
Global
	GlobalSection(SolutionConfigurationPlatforms) = preSolution
		Debug|Any CPU = Debug|Any CPU
		Release|Any CPU = Release|Any CPU
	EndGlobalSection
	GlobalSection(ProjectConfigurationPlatforms) = postSolution
		{45867E90-1917-407C-9FFC-3ED954B37CDD}.Debug|Any CPU.ActiveCfg = Debug|Any CPU
		{45867E90-1917-407C-9FFC-3ED954B37CDD}.Debug|Any CPU.Build.0 = Debug|Any CPU
		{45867E90-1917-407C-9FFC-3ED954B37CDD}.Release|Any CPU.ActiveCfg = Release|Any CPU
		{45867E90-1917-407C-9FFC-3ED954B37CDD}.Release|Any CPU.Build.0 = Release|Any CPU
		{3D502453-ED47-4AF9-8CCC-E41EF999CCAC}.Debug|Any CPU.ActiveCfg = Debug|Any CPU
		{3D502453-ED47-4AF9-8CCC-E41EF999CCAC}.Debug|Any CPU.Build.0 = Debug|Any CPU
		{3D502453-ED47-4AF9-8CCC-E41EF999CCAC}.Release|Any CPU.ActiveCfg = Release|Any CPU
		{3D502453-ED47-4AF9-8CCC-E41EF999CCAC}.Release|Any CPU.Build.0 = Release|Any CPU
	EndGlobalSection
	GlobalSection(SolutionProperties) = preSolution
		HideSolutionNode = FALSE
	EndGlobalSection
EndGlobal
