
Microsoft Visual Studio Solution File, Format Version 12.00
# Visual Studio 2013
VisualStudioVersion = 12.0.31101.0
MinimumVisualStudioVersion = 10.0.40219.1
Project("{FAE04EC0-301F-11D3-BF4B-00C04F79EFBC}") = "CS-ASP_019", "CS-ASP_019\CS-ASP_019.csproj", "{CC7D4CA9-CFDF-467D-92C2-D02862E2257B}"
EndProject
Global
	GlobalSection(SolutionConfigurationPlatforms) = preSolution
		Debug|Any CPU = Debug|Any CPU
		Release|Any CPU = Release|Any CPU
	EndGlobalSection
	GlobalSection(ProjectConfigurationPlatforms) = postSolution
		{CC7D4CA9-CFDF-467D-92C2-D02862E2257B}.Debug|Any CPU.ActiveCfg = Debug|Any CPU
		{CC7D4CA9-CFDF-467D-92C2-D02862E2257B}.Debug|Any CPU.Build.0 = Debug|Any CPU
		{CC7D4CA9-CFDF-467D-92C2-D02862E2257B}.Release|Any CPU.ActiveCfg = Release|Any CPU
		{CC7D4CA9-CFDF-467D-92C2-D02862E2257B}.Release|Any CPU.Build.0 = Release|Any CPU
	EndGlobalSection
	GlobalSection(SolutionProperties) = preSolution
		HideSolutionNode = FALSE
	EndGlobalSection
EndGlobal
